
Microsoft Visual Studio Solution File, Format Version 12.00
# Visual Studio Version 17
VisualStudioVersion = 17.1.32210.238
MinimumVisualStudioVersion = 10.0.40219.1
Project("{9A19103F-16F7-4668-BE54-9A1E7A4F7556}") = "MudTextEditor", "src\MudTextEditor\MudTextEditor.csproj", "{8EA3DE8E-73DE-4EBA-BA4A-8003998AF37B}"
EndProject
Project("{2150E333-8FDC-42A3-9474-1A3956D46DE8}") = "Solution Items", "Solution Items", "{7805D3E5-ACCF-4F2D-9613-9C465B7D6EDD}"
	ProjectSection(SolutionItems) = preProject
		.gitattributes = .gitattributes
		.gitignore = .gitignore
		content\DeltaExample.png = content\DeltaExample.png
		content\HTMLExample.png = content\HTMLExample.png
		content\InlineEditingExample.png = content\InlineEditingExample.png
		LICENSE = LICENSE
		README.md = README.md
	EndProjectSection
EndProject
Project("{9A19103F-16F7-4668-BE54-9A1E7A4F7556}") = "ServerSideViewer", "src\ServerSideViewer\ServerSideViewer.csproj", "{BAE35B08-86B3-4D00-A875-0D35CB5B7772}"
EndProject
Project("{9A19103F-16F7-4668-BE54-9A1E7A4F7556}") = "ClientSideViewer", "src\ClientSideViewer\ClientSideViewer.csproj", "{6E18D0AA-1EA5-4781-9EAF-B196912F65BA}"
EndProject
Global
	GlobalSection(SolutionConfigurationPlatforms) = preSolution
		Debug|Any CPU = Debug|Any CPU
		Release|Any CPU = Release|Any CPU
	EndGlobalSection
	GlobalSection(ProjectConfigurationPlatforms) = postSolution
		{8EA3DE8E-73DE-4EBA-BA4A-8003998AF37B}.Debug|Any CPU.ActiveCfg = Debug|Any CPU
		{8EA3DE8E-73DE-4EBA-BA4A-8003998AF37B}.Debug|Any CPU.Build.0 = Debug|Any CPU
		{8EA3DE8E-73DE-4EBA-BA4A-8003998AF37B}.Release|Any CPU.ActiveCfg = Release|Any CPU
		{8EA3DE8E-73DE-4EBA-BA4A-8003998AF37B}.Release|Any CPU.Build.0 = Release|Any CPU
		{BAE35B08-86B3-4D00-A875-0D35CB5B7772}.Debug|Any CPU.ActiveCfg = Debug|Any CPU
		{BAE35B08-86B3-4D00-A875-0D35CB5B7772}.Debug|Any CPU.Build.0 = Debug|Any CPU
		{BAE35B08-86B3-4D00-A875-0D35CB5B7772}.Release|Any CPU.ActiveCfg = Release|Any CPU
		{BAE35B08-86B3-4D00-A875-0D35CB5B7772}.Release|Any CPU.Build.0 = Release|Any CPU
		{6E18D0AA-1EA5-4781-9EAF-B196912F65BA}.Debug|Any CPU.ActiveCfg = Debug|Any CPU
		{6E18D0AA-1EA5-4781-9EAF-B196912F65BA}.Debug|Any CPU.Build.0 = Debug|Any CPU
		{6E18D0AA-1EA5-4781-9EAF-B196912F65BA}.Release|Any CPU.ActiveCfg = Release|Any CPU
		{6E18D0AA-1EA5-4781-9EAF-B196912F65BA}.Release|Any CPU.Build.0 = Release|Any CPU
	EndGlobalSection
	GlobalSection(SolutionProperties) = preSolution
		HideSolutionNode = FALSE
	EndGlobalSection
	GlobalSection(ExtensibilityGlobals) = postSolution
		SolutionGuid = {8EDC6097-17F5-4D91-AB24-0EAE20CFF5A9}
	EndGlobalSection
EndGlobal
